
Microsoft Visual Studio Solution File, Format Version 12.00
# Visual Studio Version 16
VisualStudioVersion = 16.0.30804.86
MinimumVisualStudioVersion = 10.0.40219.1
Project("{FAE04EC0-301F-11D3-BF4B-00C04F79EFBC}") = "AppointmentAPI", "AppointmentAPI\AppointmentAPI.csproj", "{B873AEA7-F648-4351-BF14-723167CB559D}"
EndProject
Global
	GlobalSection(SolutionConfigurationPlatforms) = preSolution
		Debug|Any CPU = Debug|Any CPU
		Release|Any CPU = Release|Any CPU
	EndGlobalSection
	GlobalSection(ProjectConfigurationPlatforms) = postSolution
		{B873AEA7-F648-4351-BF14-723167CB559D}.Debug|Any CPU.ActiveCfg = Debug|Any CPU
		{B873AEA7-F648-4351-BF14-723167CB559D}.Debug|Any CPU.Build.0 = Debug|Any CPU
		{B873AEA7-F648-4351-BF14-723167CB559D}.Release|Any CPU.ActiveCfg = Release|Any CPU
		{B873AEA7-F648-4351-BF14-723167CB559D}.Release|Any CPU.Build.0 = Release|Any CPU
	EndGlobalSection
	GlobalSection(SolutionProperties) = preSolution
		HideSolutionNode = FALSE
	EndGlobalSection
	GlobalSection(ExtensibilityGlobals) = postSolution
		SolutionGuid = {6F234D77-D9BE-4A67-8659-C11BF6E5E03D}
	EndGlobalSection
EndGlobal
